
Microsoft Visual Studio Solution File, Format Version 12.00
# Visual Studio Version 16
VisualStudioVersion = 16.0.31005.135
MinimumVisualStudioVersion = 10.0.40219.1
Project("{FAE04EC0-301F-11D3-BF4B-00C04F79EFBC}") = "LojaDoces", "LojaDoces\LojaDoces.csproj", "{739F982E-D333-4685-8552-DB2AD83049B1}"
EndProject
Global
	GlobalSection(SolutionConfigurationPlatforms) = preSolution
		Debug|Any CPU = Debug|Any CPU
		Release|Any CPU = Release|Any CPU
	EndGlobalSection
	GlobalSection(ProjectConfigurationPlatforms) = postSolution
		{739F982E-D333-4685-8552-DB2AD83049B1}.Debug|Any CPU.ActiveCfg = Debug|Any CPU
		{739F982E-D333-4685-8552-DB2AD83049B1}.Debug|Any CPU.Build.0 = Debug|Any CPU
		{739F982E-D333-4685-8552-DB2AD83049B1}.Release|Any CPU.ActiveCfg = Release|Any CPU
		{739F982E-D333-4685-8552-DB2AD83049B1}.Release|Any CPU.Build.0 = Release|Any CPU
	EndGlobalSection
	GlobalSection(SolutionProperties) = preSolution
		HideSolutionNode = FALSE
	EndGlobalSection
	GlobalSection(ExtensibilityGlobals) = postSolution
		SolutionGuid = {36D51E98-0C96-4F81-95DF-D85AF570ECA5}
	EndGlobalSection
EndGlobal
